
Microsoft Visual Studio Solution File, Format Version 12.00
# Visual Studio 2012
Project("{FAE04EC0-301F-11D3-BF4B-00C04F79EFBC}") = "NancyFxCSharpCompanies", "NancyFxCSharpCompanies\NancyFxCSharpCompanies.csproj", "{E760D70C-F4D1-4E7F-ADA2-5A4B67F42B86}"
EndProject
Global
	GlobalSection(SolutionConfigurationPlatforms) = preSolution
		Debug|Any CPU = Debug|Any CPU
		Release|Any CPU = Release|Any CPU
	EndGlobalSection
	GlobalSection(ProjectConfigurationPlatforms) = postSolution
		{E760D70C-F4D1-4E7F-ADA2-5A4B67F42B86}.Debug|Any CPU.ActiveCfg = Debug|Any CPU
		{E760D70C-F4D1-4E7F-ADA2-5A4B67F42B86}.Debug|Any CPU.Build.0 = Debug|Any CPU
		{E760D70C-F4D1-4E7F-ADA2-5A4B67F42B86}.Release|Any CPU.ActiveCfg = Release|Any CPU
		{E760D70C-F4D1-4E7F-ADA2-5A4B67F42B86}.Release|Any CPU.Build.0 = Release|Any CPU
	EndGlobalSection
EndGlobal
